# This file is autogenerated, do not edit; changes may be undone by the next 'dep ensure'.


[[projects]]
  digest = "1:a3af33fd30536d9c5a7b6ad542390919e57c1125097a194c7b3d9904109a0611"
  name = "github.com/go-sql-driver/mysql"
  packages = ["."]
  pruneopts = "UT"
  revision = "17ef3dd9d98b69acec3e85878995ada9533a9370"
  version = "v1.5.0"

[[projects]]
  digest = "1:38ec74012390146c45af1f92d46e5382b50531247929ff3a685d2b2be65155ac"
  name = "github.com/gomodule/redigo"
  packages = [
    "internal",
    "redis",
  ]
  pruneopts = "UT"
  revision = "9c11da706d9b7902c6da69c592f75637793fe121"
  version = "v2.0.0"

[[projects]]
  digest = "1:25ebe6496abb289ef977c081b2d49f56dd97c32db4ca083d37f95923909ced02"
  name = "github.com/gorilla/mux"
  packages = ["."]
  pruneopts = "UT"
  revision = "75dcda0896e109a2a22c9315bca3bb21b87b2ba5"
  version = "v1.7.4"

[[projects]]
  branch = "master"
  digest = "1:4a97ca9632041ccf580103ae6f8f1c016d30183e5e8078e40caa211a3cfa1c6e"
  name = "github.com/marceloagmelo/go-auth-redis"
  packages = [
    "app",
    "app/handler",
    "config",
    "logger",
    "models",
    "utils",
    "variaveis",
  ]
  pruneopts = "UT"
  revision = "48d592e9e6ee0d1ac62bd8ea6dd79d2580d287e1"

[[projects]]
  digest = "1:38797a2d42c2c325b9034ff30d9ebb11129c97885f3bc6a2a135200c377dde0b"
  name = "upper.io/db.v3"
  packages = [
    ".",
    "internal/cache",
    "internal/cache/hashstructure",
    "internal/immutable",
    "internal/sqladapter",
    "internal/sqladapter/compat",
    "internal/sqladapter/exql",
    "lib/reflectx",
    "lib/sqlbuilder",
    "mysql",
  ]
  pruneopts = "UT"
  revision = "5b948308e076467f027c7d9700a95a6679ee21e9"
  version = "v3.6.4"

[solve-meta]
  analyzer-name = "dep"
  analyzer-version = 1
  input-imports = [
    "github.com/gomodule/redigo/redis",
    "github.com/gorilla/mux",
    "github.com/marceloagmelo/go-auth-redis/app",
    "github.com/marceloagmelo/go-auth-redis/app/handler",
    "github.com/marceloagmelo/go-auth-redis/config",
    "github.com/marceloagmelo/go-auth-redis/logger",
    "github.com/marceloagmelo/go-auth-redis/models",
    "github.com/marceloagmelo/go-auth-redis/utils",
    "github.com/marceloagmelo/go-auth-redis/variaveis",
    "upper.io/db.v3",
    "upper.io/db.v3/mysql",
  ]
  solver-name = "gps-cdcl"
  solver-version = 1
